
Microsoft Visual Studio Solution File, Format Version 12.00
# Visual Studio Version 17
VisualStudioVersion = 17.12.35707.178
MinimumVisualStudioVersion = 10.0.40219.1
Project("{FAE04EC0-301F-11D3-BF4B-00C04F79EFBC}") = "CSharpFundamentals", "CSharpFundamentals\CSharpFundamentals.csproj", "{3B1B2B65-2F31-4A4F-80A6-8B9E95F9D2EE}"
EndProject
Project("{FAE04EC0-301F-11D3-BF4B-00C04F79EFBC}") = "C#- Variables", "C#- Variables\C#- Variables.csproj", "{C21C964D-EF5F-447C-8F59-733495904F2B}"
EndProject
Project("{FAE04EC0-301F-11D3-BF4B-00C04F79EFBC}") = "CSharp - Boolean Data Type", "CSharp - Boolean Data Type\CSharp - Boolean Data Type.csproj", "{0517D4BE-5949-4351-A892-267A811A125F}"
EndProject
Project("{FAE04EC0-301F-11D3-BF4B-00C04F79EFBC}") = "CSharp Char Data Type", "CSharp Char Data Type\CSharp Char Data Type.csproj", "{DCD8F8CE-8F13-4130-ABE2-AD4FE4382536}"
EndProject
Global
	GlobalSection(SolutionConfigurationPlatforms) = preSolution
		Debug|Any CPU = Debug|Any CPU
		Release|Any CPU = Release|Any CPU
	EndGlobalSection
	GlobalSection(ProjectConfigurationPlatforms) = postSolution
		{3B1B2B65-2F31-4A4F-80A6-8B9E95F9D2EE}.Debug|Any CPU.ActiveCfg = Debug|Any CPU
		{3B1B2B65-2F31-4A4F-80A6-8B9E95F9D2EE}.Debug|Any CPU.Build.0 = Debug|Any CPU
		{3B1B2B65-2F31-4A4F-80A6-8B9E95F9D2EE}.Release|Any CPU.ActiveCfg = Release|Any CPU
		{3B1B2B65-2F31-4A4F-80A6-8B9E95F9D2EE}.Release|Any CPU.Build.0 = Release|Any CPU
		{C21C964D-EF5F-447C-8F59-733495904F2B}.Debug|Any CPU.ActiveCfg = Debug|Any CPU
		{C21C964D-EF5F-447C-8F59-733495904F2B}.Debug|Any CPU.Build.0 = Debug|Any CPU
		{C21C964D-EF5F-447C-8F59-733495904F2B}.Release|Any CPU.ActiveCfg = Release|Any CPU
		{C21C964D-EF5F-447C-8F59-733495904F2B}.Release|Any CPU.Build.0 = Release|Any CPU
		{0517D4BE-5949-4351-A892-267A811A125F}.Debug|Any CPU.ActiveCfg = Debug|Any CPU
		{0517D4BE-5949-4351-A892-267A811A125F}.Debug|Any CPU.Build.0 = Debug|Any CPU
		{0517D4BE-5949-4351-A892-267A811A125F}.Release|Any CPU.ActiveCfg = Release|Any CPU
		{0517D4BE-5949-4351-A892-267A811A125F}.Release|Any CPU.Build.0 = Release|Any CPU
		{DCD8F8CE-8F13-4130-ABE2-AD4FE4382536}.Debug|Any CPU.ActiveCfg = Debug|Any CPU
		{DCD8F8CE-8F13-4130-ABE2-AD4FE4382536}.Debug|Any CPU.Build.0 = Debug|Any CPU
		{DCD8F8CE-8F13-4130-ABE2-AD4FE4382536}.Release|Any CPU.ActiveCfg = Release|Any CPU
		{DCD8F8CE-8F13-4130-ABE2-AD4FE4382536}.Release|Any CPU.Build.0 = Release|Any CPU
	EndGlobalSection
	GlobalSection(SolutionProperties) = preSolution
		HideSolutionNode = FALSE
	EndGlobalSection
EndGlobal
