
Microsoft Visual Studio Solution File, Format Version 12.00
# Visual Studio Version 17
VisualStudioVersion = 17.12.35707.178
MinimumVisualStudioVersion = 10.0.40219.1
Project("{FAE04EC0-301F-11D3-BF4B-00C04F79EFBC}") = "CSharpFundamentals", "CSharpFundamentals\CSharpFundamentals.csproj", "{3B1B2B65-2F31-4A4F-80A6-8B9E95F9D2EE}"
EndProject
Project("{FAE04EC0-301F-11D3-BF4B-00C04F79EFBC}") = "C#- Variables", "C#- Variables\C#- Variables.csproj", "{C21C964D-EF5F-447C-8F59-733495904F2B}"
EndProject
Project("{FAE04EC0-301F-11D3-BF4B-00C04F79EFBC}") = "CSharp - Boolean Data Type", "CSharp - Boolean Data Type\CSharp - Boolean Data Type.csproj", "{0517D4BE-5949-4351-A892-267A811A125F}"
EndProject
Project("{FAE04EC0-301F-11D3-BF4B-00C04F79EFBC}") = "CSharp Char Data Type", "CSharp Char Data Type\CSharp Char Data Type.csproj", "{DCD8F8CE-8F13-4130-ABE2-AD4FE4382536}"
EndProject
Project("{FAE04EC0-301F-11D3-BF4B-00C04F79EFBC}") = "CSharp String Data Type", "CSharp String Data Type\CSharp String Data Type.csproj", "{30990FD2-363F-47D5-B515-72CBC51F5E2A}"
EndProject
Project("{FAE04EC0-301F-11D3-BF4B-00C04F79EFBC}") = "CSharp - Numeric Data Types", "CSharp - Numeric Data Types\CSharp - Numeric Data Types.csproj", "{A3FF1889-A3F6-4884-A90F-B0F6604492E6}"
EndProject
Project("{FAE04EC0-301F-11D3-BF4B-00C04F79EFBC}") = "CSharp Arithmetic Operators", "CSharp Arithmetic Operators\CSharp Arithmetic Operators.csproj", "{0C6CFBEA-5470-4016-BDB0-02BB27E00425}"
EndProject
Project("{FAE04EC0-301F-11D3-BF4B-00C04F79EFBC}") = "CSharp - Parse String", "CSharp - Parse String\CSharp - Parse String.csproj", "{C7744E2B-1BE2-4A31-8C5E-4A64CAB6618F}"
EndProject
Project("{FAE04EC0-301F-11D3-BF4B-00C04F79EFBC}") = "Control Flow & If Statement", "Control Flow & If Statement\Control Flow & If Statement.csproj", "{698F6710-D84E-4073-828B-24DE43B39431}"
EndProject
Project("{FAE04EC0-301F-11D3-BF4B-00C04F79EFBC}") = "CSharp - Arrays", "CSharp - Arrays\CSharp - Arrays.csproj", "{D67E8D93-C6A6-4079-83F7-DDF2B9509527}"
EndProject
Project("{FAE04EC0-301F-11D3-BF4B-00C04F79EFBC}") = "CSharp - For Loop", "CSharp - For Loop\CSharp - For Loop.csproj", "{9D43D69C-C190-4607-9BB6-17741952EFB4}"
EndProject
Project("{FAE04EC0-301F-11D3-BF4B-00C04F79EFBC}") = "CSharp - Ternary Operator", "CSharp - Ternary Operator\CSharp - Ternary Operator.csproj", "{15558E17-AEEC-464D-9F40-81FD89D189F3}"
EndProject
Project("{FAE04EC0-301F-11D3-BF4B-00C04F79EFBC}") = "CSharp - Foreach Loop", "CSharp - Foreach Loop\CSharp - Foreach Loop.csproj", "{C3B10A78-0004-4931-925D-828CC75C70C6}"
EndProject
Project("{FAE04EC0-301F-11D3-BF4B-00C04F79EFBC}") = "CSharp - For & Foreach Training", "CSharp - For & Foreach Training\CSharp - For & Foreach Training.csproj", "{1B6BEC67-DF49-40C3-B17C-83517E871B1B}"
EndProject
Project("{FAE04EC0-301F-11D3-BF4B-00C04F79EFBC}") = "CSharp Do & While Loops", "CSharp Do & While Loops\CSharp Do & While Loops.csproj", "{BB912F7D-17A2-4690-B49E-BEFA7950153B}"
EndProject
Project("{FAE04EC0-301F-11D3-BF4B-00C04F79EFBC}") = "CSharp - Switch Statement", "CSharp - Switch Statement\CSharp - Switch Statement.csproj", "{6A80013A-6316-454E-A266-6A935AB7E1B2}"
EndProject
Project("{FAE04EC0-301F-11D3-BF4B-00C04F79EFBC}") = "Csharp - Methods", "Csharp - Methods\Csharp - Methods.csproj", "{C173641C-9B9F-4BD7-B73A-4CBE0964AE4D}"
EndProject
Global
	GlobalSection(SolutionConfigurationPlatforms) = preSolution
		Debug|Any CPU = Debug|Any CPU
		Release|Any CPU = Release|Any CPU
	EndGlobalSection
	GlobalSection(ProjectConfigurationPlatforms) = postSolution
		{3B1B2B65-2F31-4A4F-80A6-8B9E95F9D2EE}.Debug|Any CPU.ActiveCfg = Debug|Any CPU
		{3B1B2B65-2F31-4A4F-80A6-8B9E95F9D2EE}.Debug|Any CPU.Build.0 = Debug|Any CPU
		{3B1B2B65-2F31-4A4F-80A6-8B9E95F9D2EE}.Release|Any CPU.ActiveCfg = Release|Any CPU
		{3B1B2B65-2F31-4A4F-80A6-8B9E95F9D2EE}.Release|Any CPU.Build.0 = Release|Any CPU
		{C21C964D-EF5F-447C-8F59-733495904F2B}.Debug|Any CPU.ActiveCfg = Debug|Any CPU
		{C21C964D-EF5F-447C-8F59-733495904F2B}.Debug|Any CPU.Build.0 = Debug|Any CPU
		{C21C964D-EF5F-447C-8F59-733495904F2B}.Release|Any CPU.ActiveCfg = Release|Any CPU
		{C21C964D-EF5F-447C-8F59-733495904F2B}.Release|Any CPU.Build.0 = Release|Any CPU
		{0517D4BE-5949-4351-A892-267A811A125F}.Debug|Any CPU.ActiveCfg = Debug|Any CPU
		{0517D4BE-5949-4351-A892-267A811A125F}.Debug|Any CPU.Build.0 = Debug|Any CPU
		{0517D4BE-5949-4351-A892-267A811A125F}.Release|Any CPU.ActiveCfg = Release|Any CPU
		{0517D4BE-5949-4351-A892-267A811A125F}.Release|Any CPU.Build.0 = Release|Any CPU
		{DCD8F8CE-8F13-4130-ABE2-AD4FE4382536}.Debug|Any CPU.ActiveCfg = Debug|Any CPU
		{DCD8F8CE-8F13-4130-ABE2-AD4FE4382536}.Debug|Any CPU.Build.0 = Debug|Any CPU
		{DCD8F8CE-8F13-4130-ABE2-AD4FE4382536}.Release|Any CPU.ActiveCfg = Release|Any CPU
		{DCD8F8CE-8F13-4130-ABE2-AD4FE4382536}.Release|Any CPU.Build.0 = Release|Any CPU
		{30990FD2-363F-47D5-B515-72CBC51F5E2A}.Debug|Any CPU.ActiveCfg = Debug|Any CPU
		{30990FD2-363F-47D5-B515-72CBC51F5E2A}.Debug|Any CPU.Build.0 = Debug|Any CPU
		{30990FD2-363F-47D5-B515-72CBC51F5E2A}.Release|Any CPU.ActiveCfg = Release|Any CPU
		{30990FD2-363F-47D5-B515-72CBC51F5E2A}.Release|Any CPU.Build.0 = Release|Any CPU
		{A3FF1889-A3F6-4884-A90F-B0F6604492E6}.Debug|Any CPU.ActiveCfg = Debug|Any CPU
		{A3FF1889-A3F6-4884-A90F-B0F6604492E6}.Debug|Any CPU.Build.0 = Debug|Any CPU
		{A3FF1889-A3F6-4884-A90F-B0F6604492E6}.Release|Any CPU.ActiveCfg = Release|Any CPU
		{A3FF1889-A3F6-4884-A90F-B0F6604492E6}.Release|Any CPU.Build.0 = Release|Any CPU
		{0C6CFBEA-5470-4016-BDB0-02BB27E00425}.Debug|Any CPU.ActiveCfg = Debug|Any CPU
		{0C6CFBEA-5470-4016-BDB0-02BB27E00425}.Debug|Any CPU.Build.0 = Debug|Any CPU
		{0C6CFBEA-5470-4016-BDB0-02BB27E00425}.Release|Any CPU.ActiveCfg = Release|Any CPU
		{0C6CFBEA-5470-4016-BDB0-02BB27E00425}.Release|Any CPU.Build.0 = Release|Any CPU
		{C7744E2B-1BE2-4A31-8C5E-4A64CAB6618F}.Debug|Any CPU.ActiveCfg = Debug|Any CPU
		{C7744E2B-1BE2-4A31-8C5E-4A64CAB6618F}.Debug|Any CPU.Build.0 = Debug|Any CPU
		{C7744E2B-1BE2-4A31-8C5E-4A64CAB6618F}.Release|Any CPU.ActiveCfg = Release|Any CPU
		{C7744E2B-1BE2-4A31-8C5E-4A64CAB6618F}.Release|Any CPU.Build.0 = Release|Any CPU
		{698F6710-D84E-4073-828B-24DE43B39431}.Debug|Any CPU.ActiveCfg = Debug|Any CPU
		{698F6710-D84E-4073-828B-24DE43B39431}.Debug|Any CPU.Build.0 = Debug|Any CPU
		{698F6710-D84E-4073-828B-24DE43B39431}.Release|Any CPU.ActiveCfg = Release|Any CPU
		{698F6710-D84E-4073-828B-24DE43B39431}.Release|Any CPU.Build.0 = Release|Any CPU
		{D67E8D93-C6A6-4079-83F7-DDF2B9509527}.Debug|Any CPU.ActiveCfg = Debug|Any CPU
		{D67E8D93-C6A6-4079-83F7-DDF2B9509527}.Debug|Any CPU.Build.0 = Debug|Any CPU
		{D67E8D93-C6A6-4079-83F7-DDF2B9509527}.Release|Any CPU.ActiveCfg = Release|Any CPU
		{D67E8D93-C6A6-4079-83F7-DDF2B9509527}.Release|Any CPU.Build.0 = Release|Any CPU
		{9D43D69C-C190-4607-9BB6-17741952EFB4}.Debug|Any CPU.ActiveCfg = Debug|Any CPU
		{9D43D69C-C190-4607-9BB6-17741952EFB4}.Debug|Any CPU.Build.0 = Debug|Any CPU
		{9D43D69C-C190-4607-9BB6-17741952EFB4}.Release|Any CPU.ActiveCfg = Release|Any CPU
		{9D43D69C-C190-4607-9BB6-17741952EFB4}.Release|Any CPU.Build.0 = Release|Any CPU
		{15558E17-AEEC-464D-9F40-81FD89D189F3}.Debug|Any CPU.ActiveCfg = Debug|Any CPU
		{15558E17-AEEC-464D-9F40-81FD89D189F3}.Debug|Any CPU.Build.0 = Debug|Any CPU
		{15558E17-AEEC-464D-9F40-81FD89D189F3}.Release|Any CPU.ActiveCfg = Release|Any CPU
		{15558E17-AEEC-464D-9F40-81FD89D189F3}.Release|Any CPU.Build.0 = Release|Any CPU
		{C3B10A78-0004-4931-925D-828CC75C70C6}.Debug|Any CPU.ActiveCfg = Debug|Any CPU
		{C3B10A78-0004-4931-925D-828CC75C70C6}.Debug|Any CPU.Build.0 = Debug|Any CPU
		{C3B10A78-0004-4931-925D-828CC75C70C6}.Release|Any CPU.ActiveCfg = Release|Any CPU
		{C3B10A78-0004-4931-925D-828CC75C70C6}.Release|Any CPU.Build.0 = Release|Any CPU
		{1B6BEC67-DF49-40C3-B17C-83517E871B1B}.Debug|Any CPU.ActiveCfg = Debug|Any CPU
		{1B6BEC67-DF49-40C3-B17C-83517E871B1B}.Debug|Any CPU.Build.0 = Debug|Any CPU
		{1B6BEC67-DF49-40C3-B17C-83517E871B1B}.Release|Any CPU.ActiveCfg = Release|Any CPU
		{1B6BEC67-DF49-40C3-B17C-83517E871B1B}.Release|Any CPU.Build.0 = Release|Any CPU
		{BB912F7D-17A2-4690-B49E-BEFA7950153B}.Debug|Any CPU.ActiveCfg = Debug|Any CPU
		{BB912F7D-17A2-4690-B49E-BEFA7950153B}.Debug|Any CPU.Build.0 = Debug|Any CPU
		{BB912F7D-17A2-4690-B49E-BEFA7950153B}.Release|Any CPU.ActiveCfg = Release|Any CPU
		{BB912F7D-17A2-4690-B49E-BEFA7950153B}.Release|Any CPU.Build.0 = Release|Any CPU
		{6A80013A-6316-454E-A266-6A935AB7E1B2}.Debug|Any CPU.ActiveCfg = Debug|Any CPU
		{6A80013A-6316-454E-A266-6A935AB7E1B2}.Debug|Any CPU.Build.0 = Debug|Any CPU
		{6A80013A-6316-454E-A266-6A935AB7E1B2}.Release|Any CPU.ActiveCfg = Release|Any CPU
		{6A80013A-6316-454E-A266-6A935AB7E1B2}.Release|Any CPU.Build.0 = Release|Any CPU
		{C173641C-9B9F-4BD7-B73A-4CBE0964AE4D}.Debug|Any CPU.ActiveCfg = Debug|Any CPU
		{C173641C-9B9F-4BD7-B73A-4CBE0964AE4D}.Debug|Any CPU.Build.0 = Debug|Any CPU
		{C173641C-9B9F-4BD7-B73A-4CBE0964AE4D}.Release|Any CPU.ActiveCfg = Release|Any CPU
		{C173641C-9B9F-4BD7-B73A-4CBE0964AE4D}.Release|Any CPU.Build.0 = Release|Any CPU
	EndGlobalSection
	GlobalSection(SolutionProperties) = preSolution
		HideSolutionNode = FALSE
	EndGlobalSection
EndGlobal
